{
  "version": 4,
  "terraform_version": "0.12.24",
  "serial": 14,
  "lineage": "ba0d6ca8-9e09-bdd5-2865-a7c57eb022ef",
  "outputs": {
    "host": {
      "value": "35.204.254.5",
      "type": "string"
    }
  },
  "resources": [
    {
      "mode": "data",
      "type": "google_client_config",
      "name": "default",
      "provider": "provider.google",
      "instances": [
        {
          "schema_version": 0,
          "attributes": {
            "access_token": "ya29.a0AfH6SMCnTmtTHrnxHBVeIwdEmbKdVISvUQFr2fLSlti5RImIEvl-RXnyv2YOUME_TR3JaD3uPKkxSpeuWlI_ncz5r9Zs7PkUM-0HUUW5wiyORNgVsqaUzs1d5ZZYoZSfEuOJY_dyatNQAdunkhQLxtVBMZ6aWFKNnZUSS2bBDe2mGuGotOCq7cSP3qEJjzPerhY_I1xTrLYR3O1FYgOh6BH1ysweg1zbPibaxNM2A7RefzDnwn6bDe4rjuX-0TVpJdOwhDxz3rs4RGxkUhS0BQ",
            "id": "projects/rlt-test-297511/regions/europe-west4/zones/",
            "project": "rlt-test-297511",
            "region": "europe-west4",
            "zone": ""
          }
        }
      ]
    },
    {
      "mode": "data",
      "type": "google_container_cluster",
      "name": "gke-cluster",
      "provider": "provider.google",
      "instances": [
        {
          "schema_version": 0,
          "attributes": {
            "addons_config": null,
            "authenticator_groups_config": null,
            "cluster_autoscaling": null,
            "cluster_ipv4_cidr": null,
            "database_encryption": null,
            "default_max_pods_per_node": null,
            "description": null,
            "enable_binary_authorization": null,
            "enable_intranode_visibility": null,
            "enable_kubernetes_alpha": null,
            "enable_legacy_abac": null,
            "enable_shielded_nodes": null,
            "enable_tpu": null,
            "endpoint": null,
            "id": null,
            "initial_node_count": null,
            "instance_group_urls": null,
            "ip_allocation_policy": null,
            "label_fingerprint": null,
            "location": null,
            "logging_service": null,
            "maintenance_policy": null,
            "master_auth": null,
            "master_authorized_networks_config": null,
            "master_version": null,
            "min_master_version": null,
            "monitoring_service": null,
            "name": null,
            "network": null,
            "network_policy": null,
            "node_config": null,
            "node_locations": null,
            "node_pool": null,
            "node_version": null,
            "operation": null,
            "pod_security_policy_config": null,
            "private_cluster_config": null,
            "project": null,
            "release_channel": null,
            "remove_default_node_pool": null,
            "resource_labels": null,
            "resource_usage_export_config": null,
            "self_link": null,
            "services_ipv4_cidr": null,
            "subnetwork": null,
            "vertical_pod_autoscaling": null,
            "workload_identity_config": null
          }
        }
      ]
    },
    {
      "mode": "managed",
      "type": "google_container_cluster",
      "name": "gke-cluster",
      "provider": "provider.google-beta",
      "instances": [
        {
          "schema_version": 1,
          "attributes": {
            "addons_config": [
              {
                "cloudrun_config": [],
                "config_connector_config": [],
                "dns_cache_config": [],
                "gce_persistent_disk_csi_driver_config": [],
                "horizontal_pod_autoscaling": [],
                "http_load_balancing": [
                  {
                    "disabled": false
                  }
                ],
                "istio_config": [],
                "kalm_config": [],
                "network_policy_config": [
                  {
                    "disabled": true
                  }
                ]
              }
            ],
            "authenticator_groups_config": [],
            "cluster_autoscaling": [
              {
                "auto_provisioning_defaults": [],
                "autoscaling_profile": "BALANCED",
                "enabled": false,
                "resource_limits": []
              }
            ],
            "cluster_ipv4_cidr": "10.76.0.0/14",
            "cluster_telemetry": [
              {
                "type": "ENABLED"
              }
            ],
            "confidential_nodes": [],
            "database_encryption": [
              {
                "key_name": "",
                "state": "DECRYPTED"
              }
            ],
            "datapath_provider": "",
            "default_max_pods_per_node": null,
            "default_snat_status": [
              {
                "disabled": false
              }
            ],
            "description": "",
            "enable_binary_authorization": false,
            "enable_intranode_visibility": false,
            "enable_kubernetes_alpha": false,
            "enable_legacy_abac": false,
            "enable_shielded_nodes": false,
            "enable_tpu": false,
            "endpoint": "35.204.254.5",
            "id": "projects/rlt-test-297511/locations/europe-west4/clusters/gke-cluster",
            "initial_node_count": 1,
            "instance_group_urls": [],
            "ip_allocation_policy": [],
            "label_fingerprint": "a9dc16a7",
            "location": "europe-west4",
            "logging_service": "logging.googleapis.com/kubernetes",
            "maintenance_policy": [],
            "master_auth": [
              {
                "client_certificate": "",
                "client_certificate_config": [
                  {
                    "issue_client_certificate": false
                  }
                ],
                "client_key": "",
                "cluster_ca_certificate": "LS0tLS1CRUdJTiBDRVJUSUZJQ0FURS0tLS0tCk1JSURLakNDQWhLZ0F3SUJBZ0lRZG9YSmZoNXJWbVYxODI2UW00aC94akFOQmdrcWhraUc5dzBCQVFzRkFEQXYKTVMwd0t3WURWUVFERXlRMk5XVTRORGd3TnkwME9UVXpMVFJrTWpjdFlUazFPUzA0WVRVeE5UTXhZV05qTlRZdwpIaGNOTWpBeE1qQTBNVFl3TkRVeFdoY05NalV4TWpBek1UY3dORFV4V2pBdk1TMHdLd1lEVlFRREV5UTJOV1U0Ck5EZ3dOeTAwT1RVekxUUmtNamN0WVRrMU9TMDRZVFV4TlRNeFlXTmpOVFl3Z2dFaU1BMEdDU3FHU0liM0RRRUIKQVFVQUE0SUJEd0F3Z2dFS0FvSUJBUUNLbVNWRTlEUnFraWVKOGt1SGRBOEdkMlRVaytGMTBSK1ovQ1F2MGdURQpXYUgxKzh1L3ZLZmxVT1IvUWt2Rjk4NDRwVVkzWG9oUE9GYThpcGo4MXhWK2lYeUlLRCtWek91dHRXOWVYemh1CmdkSERsYmZpNVdqMVZKODdJdTYrb3pKQnR4Z1lTR2FJVGZ1ZFZieXcyUkhsc0FCVjJXKzZnb2xySzdCcXd2R2cKQWpiOWFUdGIzbmJjWEFiWnBONmdHazQ2M09acVhYS0E3N2xwZDYwc0V2eUNnMWNVT3hqQXFwNjcvQXZRN2VSTAp6cDgvMjVBSE5NTkVwVFpxOWJqc1p0ZnhhOUxFZU1MOFVIaXZxSGlQNUM2RS95aUpuTzFSb0NnYk9maGZpL01iClhMYkIxWXdZY1FDSDhuRTBqS2kxQWE4UjlxME5WVlQyM3g4d1hqUTZxSXV4QWdNQkFBR2pRakJBTUE0R0ExVWQKRHdFQi93UUVBd0lDQkRBUEJnTlZIUk1CQWY4RUJUQURBUUgvTUIwR0ExVWREZ1FXQkJSNFE5TE1NT3lJYjVsKwpSSjJra3NFVmZVMUkxakFOQmdrcWhraUc5dzBCQVFzRkFBT0NBUUVBR29teVh0U3o3b0E4SFRBN3hOa1hZMG00CjMwZ0NNN2lTVW1LWGUrbnVyMzROc0hlczdYMVZpN3MxS3d5RjBWS3lkbHpRbUVLdmJaMy9OZk5iVS9QbDlhTGwKcytlc1Q4OGJkc0lwR3ZwK3RKKzdXNXlkL09maCtxeEtCSVM2YSt4Um1BWEhXWnpGMDZGalNaMnlSQis5MnNMTQpxRGl3b3RDVnhSeXRvNEEwODJqcDdzNkQ0N2FKNDgxeFFKVVA0ODlRMW8zY2dURGdlMEI0c1V0bUZFckl6Wm5JCm9uc0FtdnAvZFZGa1BRbHlMejlmc2hVYm5XczlhNWdCY3c4Yk10d0E3ZDY0RTVoV2xVc2ZldGdGalR1b25yelkKaGNxNndvVnEzbFJOV2R2N2lLU2FwTCtPbi9odU5wZFZxaUttemZvcXUvelZhZGhHQUhtQzd5SElxaGtBbkE9PQotLS0tLUVORCBDRVJUSUZJQ0FURS0tLS0tCg==",
                "password": "",
                "username": ""
              }
            ],
            "master_authorized_networks_config": [],
            "master_version": "1.16.13-gke.401",
            "min_master_version": null,
            "monitoring_service": "monitoring.googleapis.com/kubernetes",
            "name": "gke-cluster",
            "network": "projects/rlt-test-297511/global/networks/default",
            "network_policy": [
              {
                "enabled": false,
                "provider": "PROVIDER_UNSPECIFIED"
              }
            ],
            "networking_mode": "ROUTES",
            "node_config": [],
            "node_locations": [
              "europe-west4-a",
              "europe-west4-b",
              "europe-west4-c"
            ],
            "node_pool": [],
            "node_version": "1.16.13-gke.401",
            "notification_config": [
              {
                "pubsub": [
                  {
                    "enabled": false,
                    "topic": ""
                  }
                ]
              }
            ],
            "operation": null,
            "pod_security_policy_config": [
              {
                "enabled": false
              }
            ],
            "private_cluster_config": [],
            "project": "rlt-test-297511",
            "release_channel": [
              {
                "channel": "UNSPECIFIED"
              }
            ],
            "remove_default_node_pool": true,
            "resource_labels": null,
            "resource_usage_export_config": [],
            "self_link": "https://container.googleapis.com/v1beta1/projects/rlt-test-297511/locations/europe-west4/clusters/gke-cluster",
            "services_ipv4_cidr": "10.79.240.0/20",
            "subnetwork": "projects/rlt-test-297511/regions/europe-west4/subnetworks/default",
            "timeouts": {
              "create": "30m",
              "delete": "30m",
              "read": null,
              "update": "30m"
            },
            "tpu_ipv4_cidr_block": "",
            "vertical_pod_autoscaling": [],
            "workload_identity_config": []
          },
          "private": "eyJlMmJmYjczMC1lY2FhLTExZTYtOGY4OC0zNDM2M2JjN2M0YzAiOnsiY3JlYXRlIjoxODAwMDAwMDAwMDAwLCJkZWxldGUiOjE4MDAwMDAwMDAwMDAsInJlYWQiOjI0MDAwMDAwMDAwMDAsInVwZGF0ZSI6MTgwMDAwMDAwMDAwMH0sInNjaGVtYV92ZXJzaW9uIjoiMSJ9"
        }
      ]
    },
    {
      "mode": "managed",
      "type": "google_container_node_pool",
      "name": "nodes",
      "provider": "provider.google",
      "instances": [
        {
          "schema_version": 1,
          "attributes": {
            "autoscaling": [
              {
                "max_node_count": 3,
                "min_node_count": 1
              }
            ],
            "cluster": "gke-cluster",
            "id": "projects/rlt-test-297511/locations/europe-west4/clusters/gke-cluster/nodePools/cluster-nodes",
            "initial_node_count": 1,
            "instance_group_urls": [
              "https://www.googleapis.com/compute/v1/projects/rlt-test-297511/zones/europe-west4-a/instanceGroupManagers/gke-gke-cluster-cluster-nodes-396a35fd-grp",
              "https://www.googleapis.com/compute/v1/projects/rlt-test-297511/zones/europe-west4-c/instanceGroupManagers/gke-gke-cluster-cluster-nodes-bb5323d9-grp",
              "https://www.googleapis.com/compute/v1/projects/rlt-test-297511/zones/europe-west4-b/instanceGroupManagers/gke-gke-cluster-cluster-nodes-6de34520-grp"
            ],
            "location": "europe-west4",
            "management": [
              {
                "auto_repair": true,
                "auto_upgrade": true
              }
            ],
            "max_pods_per_node": null,
            "name": "cluster-nodes",
            "name_prefix": "",
            "node_config": [
              {
                "disk_size_gb": 100,
                "disk_type": "pd-standard",
                "guest_accelerator": [],
                "image_type": "UBUNTU",
                "labels": {},
                "local_ssd_count": 0,
                "machine_type": "g1-small",
                "metadata": {
                  "disable-legacy-endpoints": "true"
                },
                "min_cpu_platform": "",
                "oauth_scopes": [
                  "https://www.googleapis.com/auth/cloud-platform",
                  "https://www.googleapis.com/auth/compute",
                  "https://www.googleapis.com/auth/devstorage.read_only",
                  "https://www.googleapis.com/auth/logging.write",
                  "https://www.googleapis.com/auth/monitoring"
                ],
                "preemptible": false,
                "service_account": "default",
                "shielded_instance_config": [
                  {
                    "enable_integrity_monitoring": true,
                    "enable_secure_boot": false
                  }
                ],
                "tags": null,
                "taint": [],
                "workload_metadata_config": []
              }
            ],
            "node_count": 1,
            "node_locations": [
              "europe-west4-a",
              "europe-west4-b",
              "europe-west4-c"
            ],
            "project": "rlt-test-297511",
            "timeouts": {
              "create": "30m",
              "delete": "30m",
              "update": "30m"
            },
            "upgrade_settings": [
              {
                "max_surge": 1,
                "max_unavailable": 0
              }
            ],
            "version": "1.16.13-gke.401"
          },
          "private": "eyJlMmJmYjczMC1lY2FhLTExZTYtOGY4OC0zNDM2M2JjN2M0YzAiOnsiY3JlYXRlIjoxODAwMDAwMDAwMDAwLCJkZWxldGUiOjE4MDAwMDAwMDAwMDAsInVwZGF0ZSI6MTgwMDAwMDAwMDAwMH0sInNjaGVtYV92ZXJzaW9uIjoiMSJ9",
          "dependencies": [
            "google_container_cluster.gke-cluster"
          ]
        }
      ]
    },
    {
      "mode": "managed",
      "type": "kubernetes_namespace",
      "name": "staging",
      "provider": "provider.kubernetes",
      "instances": [
        {
          "schema_version": 0,
          "attributes": {
            "id": "staging-zone",
            "metadata": [
              {
                "annotations": null,
                "generate_name": "",
                "generation": 0,
                "labels": null,
                "name": "staging-zone",
                "resource_version": "1519",
                "self_link": "/api/v1/namespaces/staging-zone",
                "uid": "49b832c8-273c-419d-bc43-1df72d4bf6fd"
              }
            ],
            "timeouts": null
          },
          "private": "eyJlMmJmYjczMC1lY2FhLTExZTYtOGY4OC0zNDM2M2JjN2M0YzAiOnsiZGVsZXRlIjozMDAwMDAwMDAwMDB9fQ==",
          "dependencies": [
            "google_container_cluster.gke-cluster"
          ]
        }
      ]
    },
    {
      "mode": "managed",
      "type": "null_resource",
      "name": "configure_kubectl",
      "provider": "provider.null",
      "instances": [
        {
          "schema_version": 0,
          "attributes": {
            "id": "1950669533923355829",
            "triggers": null
          },
          "private": "bnVsbA==",
          "dependencies": [
            "google_container_cluster.gke-cluster"
          ]
        }
      ]
    }
  ]
}
